
Microsoft Visual Studio Solution File, Format Version 12.00
# Visual Studio 15
VisualStudioVersion = 15.0.28307.1433
MinimumVisualStudioVersion = 10.0.40219.1
Project("{8BC9CEB8-8B4A-11D0-8D11-00A0C91BC942}") = "2.2 Inverse Order Number", "1.2 Inverse Order Number\1.2 Inverse Order Number.vcxproj", "{A892E7A3-6CC3-4206-9E9D-A432D352FBC0}"
EndProject
Project("{8BC9CEB8-8B4A-11D0-8D11-00A0C91BC942}") = "2.3 Symmetry Square Num", "1.3 Symmetry Square Num\1.3 Symmetry Square Num.vcxproj", "{B4CF56F2-151E-4FF6-9175-ABF51A0C4F9E}"
EndProject
Project("{8BC9CEB8-8B4A-11D0-8D11-00A0C91BC942}") = "2.4 Output Trapezium", "2.4 Output Trapezium\2.4 Output Trapezium.vcxproj", "{F81FC866-55CD-40C4-BD7B-6CBAEB307098}"
EndProject
Project("{8BC9CEB8-8B4A-11D0-8D11-00A0C91BC942}") = "2.5 Pile Baskets", "2.5 Pile Baskets\2.5 Pile Baskets.vcxproj", "{D1638D77-16AF-41D7-A4E8-B4FABBED7024}"
EndProject
Project("{8BC9CEB8-8B4A-11D0-8D11-00A0C91BC942}") = "2.6 Today is No.", "2.6 Today is No,\2.6 Today is No,.vcxproj", "{5C7DD3F6-38D7-41EB-8DD7-0CEEA50CA0CF}"
EndProject
Project("{8BC9CEB8-8B4A-11D0-8D11-00A0C91BC942}") = "2.7 Days of Week", "2.7 Days of Week\2.7 Days of Week.vcxproj", "{C6180E24-FB7E-4709-A7F9-382FEEA58D86}"
EndProject
Project("{8BC9CEB8-8B4A-11D0-8D11-00A0C91BC942}") = "2.7.0 NextDay(all cure)", "2.7.0 NextDay(all cure)\2.7.0 NextDay(all cure).vcxproj", "{D4891232-0F04-46BC-B772-E38EE6918C59}"
EndProject
Project("{8BC9CEB8-8B4A-11D0-8D11-00A0C91BC942}") = "2.9 Remaining Trees", "2.9 Remaining Tress\2.9 Remaining Tress.vcxproj", "{044743B2-58C2-47DE-9AAA-5B1CCA35C588}"
EndProject
Project("{8BC9CEB8-8B4A-11D0-8D11-00A0C91BC942}") = "2.10 Phone Keyboard", "2.10 Phone Keyboard\2.10 Phone Keyboard.vcxproj", "{1F8052A7-8265-473C-B7B0-5710549C733A}"
EndProject
Project("{8BC9CEB8-8B4A-11D0-8D11-00A0C91BC942}") = "3.2 Sort Odd and Even Integer", "3.2 Sort Odd and Even Integer\3.2 Sort Odd and Even Integer.vcxproj", "{76DBE32D-2F6F-4B80-BBFA-74563DB9F787}"
EndProject
Project("{8BC9CEB8-8B4A-11D0-8D11-00A0C91BC942}") = "3.2.1 Sort Marks", "3.2.1 Sort Marks\3.2.1 Sort Marks.vcxproj", "{CAC0AE2C-EF20-414B-B8A9-3D791C63D298}"
EndProject
Project("{8BC9CEB8-8B4A-11D0-8D11-00A0C91BC942}") = "exercise2.1 Irelevant To Senven", "exercise2.1 Irelevant To Senven\exercise2.1 Irelevant To Senven.vcxproj", "{CF4AF564-B04A-48B5-A435-414EA1A3FB52}"
EndProject
Project("{8BC9CEB8-8B4A-11D0-8D11-00A0C91BC942}") = "exercise2.2 Hundreds of Chickens", "exercise2.2 Hundreds of Chickens\exercise2.2 Hundreds of Chickens.vcxproj", "{611D8494-4244-4B84-BF13-13582DC2D7B9}"
EndProject
Project("{8BC9CEB8-8B4A-11D0-8D11-00A0C91BC942}") = "exercise2.3 Old Bill", "exercise2.3 Old Bill\exercise2.3 Old Bill.vcxproj", "{3205889F-7D8F-483A-AE76-B30225D19FB2}"
EndProject
Project("{8BC9CEB8-8B4A-11D0-8D11-00A0C91BC942}") = "exercise2.4 Repeater", "exercise2.4 Repeater\exercise2.4 Repeater.vcxproj", "{AEC0FEC7-DCD8-4CE6-83CD-11D328AFF012}"
EndProject
Project("{8BC9CEB8-8B4A-11D0-8D11-00A0C91BC942}") = "exercise2.5 Hello World for U", "exercise2.5 Hello World for U\exercise2.5 Hello World for U.vcxproj", "{02EB879F-4E43-4968-A50E-2FB24FABD813}"
EndProject
Project("{8BC9CEB8-8B4A-11D0-8D11-00A0C91BC942}") = "exercise2.6 Gap between Date", "exercise2.6 Gap between Date\exercise2.6 Gap between Date.vcxproj", "{EB42DAC2-E623-4D4F-BB5F-BA892002BC10}"
EndProject
Project("{8BC9CEB8-8B4A-11D0-8D11-00A0C91BC942}") = "exercise2.7 Date Class", "exercise2.7 Date Class\exercise2.7 Date Class.vcxproj", "{622181C5-5D26-4C25-A938-E489305648FC}"
EndProject
Project("{8BC9CEB8-8B4A-11D0-8D11-00A0C91BC942}") = "2.11 XXX Principle", "2.11 XXX Principle\2.11 XXX Principle.vcxproj", "{4596724E-4B87-4185-A505-0093F3D185A5}"
EndProject
Project("{8BC9CEB8-8B4A-11D0-8D11-00A0C91BC942}") = "exercise2.8 Grading", "exercise2.8 Grading\exercise2.8 Grading.vcxproj", "{A005B6ED-9220-4976-B684-1EB4CF216030}"
EndProject
Project("{8BC9CEB8-8B4A-11D0-8D11-00A0C91BC942}") = "exercise2.9 Path Printing", "exercise2.9 Path Printing\exercise2.9 Path Printing.vcxproj", "{18DC5D0D-1389-443D-8598-8C0FE5D3FFBE}"
EndProject
Project("{8BC9CEB8-8B4A-11D0-8D11-00A0C91BC942}") = "exercise2.10 Falling Ants", "exercise2.10 Falling Ants\exercise2.10 Falling Ants.vcxproj", "{368A6213-8F40-4CB2-A248-EEC482224224}"
EndProject
Project("{8BC9CEB8-8B4A-11D0-8D11-00A0C91BC942}") = "3.1 Sort", "3.1 Sort\3.1 Sort.vcxproj", "{05BF8B51-4B3C-4248-8556-8B44FE58D711}"
EndProject
Project("{8BC9CEB8-8B4A-11D0-8D11-00A0C91BC942}") = "3.3 Sort Mark", "3.3 Sort Mark\3.3 Sort Mark.vcxproj", "{3BC717E2-89F4-4ACC-A460-55F2A79B9590}"
EndProject
Project("{8BC9CEB8-8B4A-11D0-8D11-00A0C91BC942}") = "exercise3.0 Special Sort", "exercise3.0 Special Sort\exercise3.0 Special Sort.vcxproj", "{C76B7722-3ABB-4CEE-A10C-FAAE510F9424}"
EndProject
Project("{8BC9CEB8-8B4A-11D0-8D11-00A0C91BC942}") = "exercise3.1 Mouse  Lining", "exercise3.1 Mouse  Lining\exercise3.1 Mouse  Lining.vcxproj", "{F1AC46E3-D293-416E-B2E5-1457560FF488}"
EndProject
Project("{8BC9CEB8-8B4A-11D0-8D11-00A0C91BC942}") = "exercise3.2 Olympic Sort", "exercise3.2 Olympic Sort\exercise3.2 Olympic Sort.vcxproj", "{B5953846-92CE-4196-89AD-476D87E48FE9}"
EndProject
Project("{8BC9CEB8-8B4A-11D0-8D11-00A0C91BC942}") = "3.4 Find X", "3.4 Find X\3.4 Find X.vcxproj", "{5F442204-7B05-4342-9719-D17C1019A03B}"
EndProject
Project("{8BC9CEB8-8B4A-11D0-8D11-00A0C91BC942}") = "3.5 Find", "3.5 Find\3.5 Find.vcxproj", "{74BE922E-0A0A-4AA3-AED8-2E8304576E38}"
EndProject
Project("{8BC9CEB8-8B4A-11D0-8D11-00A0C91BC942}") = "3.6 Find the Minimal", "3.6 Find the Minimal\3.6 Find the Minimal.vcxproj", "{1DFD722C-0ECB-4BDB-A40A-5C9137589D1C}"
EndProject
Project("{8BC9CEB8-8B4A-11D0-8D11-00A0C91BC942}") = "3.7 Find Place", "3.7 Find Place\3.7 Find Place.vcxproj", "{C467F7DA-CE84-4064-9CDB-E30C5B47E493}"
EndProject
Project("{8BC9CEB8-8B4A-11D0-8D11-00A0C91BC942}") = "3.8 Print Pole Index", "3.8 Print Pole Index\3.8 Print Pole Index.vcxproj", "{35961795-38DE-4F9F-BFB4-A83663BDEDAE}"
EndProject
Project("{8BC9CEB8-8B4A-11D0-8D11-00A0C91BC942}") = "4.1 Special Multiplication", "4.1 Special Multiply\4.1 Special Multiply.vcxproj", "{946E6003-F222-44C7-BCB8-7D25D589E87C}"
EndProject
Project("{8BC9CEB8-8B4A-11D0-8D11-00A0C91BC942}") = "4.2 Password Translation", "4.2 Password Translation\4.2 Password Translation.vcxproj", "{31133D91-D998-44DC-8471-6DF3EA7BCC88}"
EndProject
Project("{8BC9CEB8-8B4A-11D0-8D11-00A0C91BC942}") = "4.3 Easy Password", "4.3 Easy Password\4.3 Easy Password.vcxproj", "{FB29E758-7081-422A-9730-0E642AB7C3E8}"
EndProject
Project("{8BC9CEB8-8B4A-11D0-8D11-00A0C91BC942}") = "4.4 Count Character", "4.4 Count Character\4.4 Count Character.vcxproj", "{4F468BE0-0BBF-45B9-B2CA-AD65B59DC78E}"
EndProject
Project("{8BC9CEB8-8B4A-11D0-8D11-00A0C91BC942}") = "4.5 Count Letter", "4.5 Count Letter\4.5 Count Letter.vcxproj", "{96D621FD-E767-4280-A48A-675E396B6AA0}"
EndProject
Project("{8BC9CEB8-8B4A-11D0-8D11-00A0C91BC942}") = "exercise4.1 Word Replacement", "exercise4.1 SKEW\exercise4.1 SKEW.vcxproj", "{9F760A3C-F106-4134-BBD3-0E155772C656}"
EndProject
Project("{8BC9CEB8-8B4A-11D0-8D11-00A0C91BC942}") = "exercise4.2 SKEW Number", "exercise SKEW Number\exercise SKEW Number.vcxproj", "{7FA4AAAA-6C34-4CEB-A8E1-C4F8E286884C}"
EndProject
Project("{8BC9CEB8-8B4A-11D0-8D11-00A0C91BC942}") = "exercise4.3 Captical the Front Letter", "exercise4.3 Captical the Front Letter\exercise4.3 Captical the Front Letter.vcxproj", "{C1A17ABD-4E9E-4CB6-97BF-E4F027602D29}"
EndProject
Project("{8BC9CEB8-8B4A-11D0-8D11-00A0C91BC942}") = "exercise4.4 Float Adding", "exercise4.4 Float Adding\exercise4.4 Float Adding.vcxproj", "{0BC80873-DE08-4DB5-994C-B65C9517D42B}"
EndProject
Global
	GlobalSection(SolutionConfigurationPlatforms) = preSolution
		Debug|x64 = Debug|x64
		Debug|x86 = Debug|x86
		Release|x64 = Release|x64
		Release|x86 = Release|x86
	EndGlobalSection
	GlobalSection(ProjectConfigurationPlatforms) = postSolution
		{A892E7A3-6CC3-4206-9E9D-A432D352FBC0}.Debug|x64.ActiveCfg = Debug|x64
		{A892E7A3-6CC3-4206-9E9D-A432D352FBC0}.Debug|x64.Build.0 = Debug|x64
		{A892E7A3-6CC3-4206-9E9D-A432D352FBC0}.Debug|x86.ActiveCfg = Debug|Win32
		{A892E7A3-6CC3-4206-9E9D-A432D352FBC0}.Debug|x86.Build.0 = Debug|Win32
		{A892E7A3-6CC3-4206-9E9D-A432D352FBC0}.Release|x64.ActiveCfg = Release|x64
		{A892E7A3-6CC3-4206-9E9D-A432D352FBC0}.Release|x64.Build.0 = Release|x64
		{A892E7A3-6CC3-4206-9E9D-A432D352FBC0}.Release|x86.ActiveCfg = Debug|Win32
		{A892E7A3-6CC3-4206-9E9D-A432D352FBC0}.Release|x86.Build.0 = Debug|Win32
		{B4CF56F2-151E-4FF6-9175-ABF51A0C4F9E}.Debug|x64.ActiveCfg = Debug|x64
		{B4CF56F2-151E-4FF6-9175-ABF51A0C4F9E}.Debug|x64.Build.0 = Debug|x64
		{B4CF56F2-151E-4FF6-9175-ABF51A0C4F9E}.Debug|x86.ActiveCfg = Debug|Win32
		{B4CF56F2-151E-4FF6-9175-ABF51A0C4F9E}.Debug|x86.Build.0 = Debug|Win32
		{B4CF56F2-151E-4FF6-9175-ABF51A0C4F9E}.Release|x64.ActiveCfg = Release|x64
		{B4CF56F2-151E-4FF6-9175-ABF51A0C4F9E}.Release|x64.Build.0 = Release|x64
		{B4CF56F2-151E-4FF6-9175-ABF51A0C4F9E}.Release|x86.ActiveCfg = Debug|Win32
		{B4CF56F2-151E-4FF6-9175-ABF51A0C4F9E}.Release|x86.Build.0 = Debug|Win32
		{F81FC866-55CD-40C4-BD7B-6CBAEB307098}.Debug|x64.ActiveCfg = Debug|x64
		{F81FC866-55CD-40C4-BD7B-6CBAEB307098}.Debug|x64.Build.0 = Debug|x64
		{F81FC866-55CD-40C4-BD7B-6CBAEB307098}.Debug|x86.ActiveCfg = Debug|Win32
		{F81FC866-55CD-40C4-BD7B-6CBAEB307098}.Debug|x86.Build.0 = Debug|Win32
		{F81FC866-55CD-40C4-BD7B-6CBAEB307098}.Release|x64.ActiveCfg = Release|x64
		{F81FC866-55CD-40C4-BD7B-6CBAEB307098}.Release|x64.Build.0 = Release|x64
		{F81FC866-55CD-40C4-BD7B-6CBAEB307098}.Release|x86.ActiveCfg = Debug|Win32
		{F81FC866-55CD-40C4-BD7B-6CBAEB307098}.Release|x86.Build.0 = Debug|Win32
		{D1638D77-16AF-41D7-A4E8-B4FABBED7024}.Debug|x64.ActiveCfg = Debug|x64
		{D1638D77-16AF-41D7-A4E8-B4FABBED7024}.Debug|x64.Build.0 = Debug|x64
		{D1638D77-16AF-41D7-A4E8-B4FABBED7024}.Debug|x86.ActiveCfg = Debug|Win32
		{D1638D77-16AF-41D7-A4E8-B4FABBED7024}.Debug|x86.Build.0 = Debug|Win32
		{D1638D77-16AF-41D7-A4E8-B4FABBED7024}.Release|x64.ActiveCfg = Release|x64
		{D1638D77-16AF-41D7-A4E8-B4FABBED7024}.Release|x64.Build.0 = Release|x64
		{D1638D77-16AF-41D7-A4E8-B4FABBED7024}.Release|x86.ActiveCfg = Debug|Win32
		{D1638D77-16AF-41D7-A4E8-B4FABBED7024}.Release|x86.Build.0 = Debug|Win32
		{5C7DD3F6-38D7-41EB-8DD7-0CEEA50CA0CF}.Debug|x64.ActiveCfg = Debug|x64
		{5C7DD3F6-38D7-41EB-8DD7-0CEEA50CA0CF}.Debug|x64.Build.0 = Debug|x64
		{5C7DD3F6-38D7-41EB-8DD7-0CEEA50CA0CF}.Debug|x86.ActiveCfg = Debug|Win32
		{5C7DD3F6-38D7-41EB-8DD7-0CEEA50CA0CF}.Debug|x86.Build.0 = Debug|Win32
		{5C7DD3F6-38D7-41EB-8DD7-0CEEA50CA0CF}.Release|x64.ActiveCfg = Release|x64
		{5C7DD3F6-38D7-41EB-8DD7-0CEEA50CA0CF}.Release|x64.Build.0 = Release|x64
		{5C7DD3F6-38D7-41EB-8DD7-0CEEA50CA0CF}.Release|x86.ActiveCfg = Debug|Win32
		{5C7DD3F6-38D7-41EB-8DD7-0CEEA50CA0CF}.Release|x86.Build.0 = Debug|Win32
		{C6180E24-FB7E-4709-A7F9-382FEEA58D86}.Debug|x64.ActiveCfg = Debug|x64
		{C6180E24-FB7E-4709-A7F9-382FEEA58D86}.Debug|x64.Build.0 = Debug|x64
		{C6180E24-FB7E-4709-A7F9-382FEEA58D86}.Debug|x86.ActiveCfg = Debug|Win32
		{C6180E24-FB7E-4709-A7F9-382FEEA58D86}.Debug|x86.Build.0 = Debug|Win32
		{C6180E24-FB7E-4709-A7F9-382FEEA58D86}.Release|x64.ActiveCfg = Release|x64
		{C6180E24-FB7E-4709-A7F9-382FEEA58D86}.Release|x64.Build.0 = Release|x64
		{C6180E24-FB7E-4709-A7F9-382FEEA58D86}.Release|x86.ActiveCfg = Debug|Win32
		{C6180E24-FB7E-4709-A7F9-382FEEA58D86}.Release|x86.Build.0 = Debug|Win32
		{D4891232-0F04-46BC-B772-E38EE6918C59}.Debug|x64.ActiveCfg = Debug|x64
		{D4891232-0F04-46BC-B772-E38EE6918C59}.Debug|x64.Build.0 = Debug|x64
		{D4891232-0F04-46BC-B772-E38EE6918C59}.Debug|x86.ActiveCfg = Debug|Win32
		{D4891232-0F04-46BC-B772-E38EE6918C59}.Debug|x86.Build.0 = Debug|Win32
		{D4891232-0F04-46BC-B772-E38EE6918C59}.Release|x64.ActiveCfg = Release|x64
		{D4891232-0F04-46BC-B772-E38EE6918C59}.Release|x64.Build.0 = Release|x64
		{D4891232-0F04-46BC-B772-E38EE6918C59}.Release|x86.ActiveCfg = Debug|Win32
		{D4891232-0F04-46BC-B772-E38EE6918C59}.Release|x86.Build.0 = Debug|Win32
		{044743B2-58C2-47DE-9AAA-5B1CCA35C588}.Debug|x64.ActiveCfg = Debug|x64
		{044743B2-58C2-47DE-9AAA-5B1CCA35C588}.Debug|x64.Build.0 = Debug|x64
		{044743B2-58C2-47DE-9AAA-5B1CCA35C588}.Debug|x86.ActiveCfg = Debug|Win32
		{044743B2-58C2-47DE-9AAA-5B1CCA35C588}.Debug|x86.Build.0 = Debug|Win32
		{044743B2-58C2-47DE-9AAA-5B1CCA35C588}.Release|x64.ActiveCfg = Release|x64
		{044743B2-58C2-47DE-9AAA-5B1CCA35C588}.Release|x64.Build.0 = Release|x64
		{044743B2-58C2-47DE-9AAA-5B1CCA35C588}.Release|x86.ActiveCfg = Debug|Win32
		{044743B2-58C2-47DE-9AAA-5B1CCA35C588}.Release|x86.Build.0 = Debug|Win32
		{1F8052A7-8265-473C-B7B0-5710549C733A}.Debug|x64.ActiveCfg = Debug|x64
		{1F8052A7-8265-473C-B7B0-5710549C733A}.Debug|x64.Build.0 = Debug|x64
		{1F8052A7-8265-473C-B7B0-5710549C733A}.Debug|x86.ActiveCfg = Debug|Win32
		{1F8052A7-8265-473C-B7B0-5710549C733A}.Debug|x86.Build.0 = Debug|Win32
		{1F8052A7-8265-473C-B7B0-5710549C733A}.Release|x64.ActiveCfg = Release|x64
		{1F8052A7-8265-473C-B7B0-5710549C733A}.Release|x64.Build.0 = Release|x64
		{1F8052A7-8265-473C-B7B0-5710549C733A}.Release|x86.ActiveCfg = Debug|Win32
		{1F8052A7-8265-473C-B7B0-5710549C733A}.Release|x86.Build.0 = Debug|Win32
		{76DBE32D-2F6F-4B80-BBFA-74563DB9F787}.Debug|x64.ActiveCfg = Debug|x64
		{76DBE32D-2F6F-4B80-BBFA-74563DB9F787}.Debug|x64.Build.0 = Debug|x64
		{76DBE32D-2F6F-4B80-BBFA-74563DB9F787}.Debug|x86.ActiveCfg = Debug|Win32
		{76DBE32D-2F6F-4B80-BBFA-74563DB9F787}.Debug|x86.Build.0 = Debug|Win32
		{76DBE32D-2F6F-4B80-BBFA-74563DB9F787}.Release|x64.ActiveCfg = Release|x64
		{76DBE32D-2F6F-4B80-BBFA-74563DB9F787}.Release|x64.Build.0 = Release|x64
		{76DBE32D-2F6F-4B80-BBFA-74563DB9F787}.Release|x86.ActiveCfg = Debug|Win32
		{76DBE32D-2F6F-4B80-BBFA-74563DB9F787}.Release|x86.Build.0 = Debug|Win32
		{CAC0AE2C-EF20-414B-B8A9-3D791C63D298}.Debug|x64.ActiveCfg = Debug|x64
		{CAC0AE2C-EF20-414B-B8A9-3D791C63D298}.Debug|x64.Build.0 = Debug|x64
		{CAC0AE2C-EF20-414B-B8A9-3D791C63D298}.Debug|x86.ActiveCfg = Debug|Win32
		{CAC0AE2C-EF20-414B-B8A9-3D791C63D298}.Debug|x86.Build.0 = Debug|Win32
		{CAC0AE2C-EF20-414B-B8A9-3D791C63D298}.Release|x64.ActiveCfg = Release|x64
		{CAC0AE2C-EF20-414B-B8A9-3D791C63D298}.Release|x64.Build.0 = Release|x64
		{CAC0AE2C-EF20-414B-B8A9-3D791C63D298}.Release|x86.ActiveCfg = Debug|Win32
		{CAC0AE2C-EF20-414B-B8A9-3D791C63D298}.Release|x86.Build.0 = Debug|Win32
		{CF4AF564-B04A-48B5-A435-414EA1A3FB52}.Debug|x64.ActiveCfg = Debug|x64
		{CF4AF564-B04A-48B5-A435-414EA1A3FB52}.Debug|x64.Build.0 = Debug|x64
		{CF4AF564-B04A-48B5-A435-414EA1A3FB52}.Debug|x86.ActiveCfg = Debug|Win32
		{CF4AF564-B04A-48B5-A435-414EA1A3FB52}.Debug|x86.Build.0 = Debug|Win32
		{CF4AF564-B04A-48B5-A435-414EA1A3FB52}.Release|x64.ActiveCfg = Release|x64
		{CF4AF564-B04A-48B5-A435-414EA1A3FB52}.Release|x64.Build.0 = Release|x64
		{CF4AF564-B04A-48B5-A435-414EA1A3FB52}.Release|x86.ActiveCfg = Debug|Win32
		{CF4AF564-B04A-48B5-A435-414EA1A3FB52}.Release|x86.Build.0 = Debug|Win32
		{611D8494-4244-4B84-BF13-13582DC2D7B9}.Debug|x64.ActiveCfg = Debug|x64
		{611D8494-4244-4B84-BF13-13582DC2D7B9}.Debug|x64.Build.0 = Debug|x64
		{611D8494-4244-4B84-BF13-13582DC2D7B9}.Debug|x86.ActiveCfg = Debug|Win32
		{611D8494-4244-4B84-BF13-13582DC2D7B9}.Debug|x86.Build.0 = Debug|Win32
		{611D8494-4244-4B84-BF13-13582DC2D7B9}.Release|x64.ActiveCfg = Release|x64
		{611D8494-4244-4B84-BF13-13582DC2D7B9}.Release|x64.Build.0 = Release|x64
		{611D8494-4244-4B84-BF13-13582DC2D7B9}.Release|x86.ActiveCfg = Debug|Win32
		{611D8494-4244-4B84-BF13-13582DC2D7B9}.Release|x86.Build.0 = Debug|Win32
		{3205889F-7D8F-483A-AE76-B30225D19FB2}.Debug|x64.ActiveCfg = Debug|x64
		{3205889F-7D8F-483A-AE76-B30225D19FB2}.Debug|x64.Build.0 = Debug|x64
		{3205889F-7D8F-483A-AE76-B30225D19FB2}.Debug|x86.ActiveCfg = Debug|Win32
		{3205889F-7D8F-483A-AE76-B30225D19FB2}.Debug|x86.Build.0 = Debug|Win32
		{3205889F-7D8F-483A-AE76-B30225D19FB2}.Release|x64.ActiveCfg = Release|x64
		{3205889F-7D8F-483A-AE76-B30225D19FB2}.Release|x64.Build.0 = Release|x64
		{3205889F-7D8F-483A-AE76-B30225D19FB2}.Release|x86.ActiveCfg = Debug|Win32
		{3205889F-7D8F-483A-AE76-B30225D19FB2}.Release|x86.Build.0 = Debug|Win32
		{AEC0FEC7-DCD8-4CE6-83CD-11D328AFF012}.Debug|x64.ActiveCfg = Debug|x64
		{AEC0FEC7-DCD8-4CE6-83CD-11D328AFF012}.Debug|x64.Build.0 = Debug|x64
		{AEC0FEC7-DCD8-4CE6-83CD-11D328AFF012}.Debug|x86.ActiveCfg = Debug|Win32
		{AEC0FEC7-DCD8-4CE6-83CD-11D328AFF012}.Debug|x86.Build.0 = Debug|Win32
		{AEC0FEC7-DCD8-4CE6-83CD-11D328AFF012}.Release|x64.ActiveCfg = Release|x64
		{AEC0FEC7-DCD8-4CE6-83CD-11D328AFF012}.Release|x64.Build.0 = Release|x64
		{AEC0FEC7-DCD8-4CE6-83CD-11D328AFF012}.Release|x86.ActiveCfg = Debug|Win32
		{AEC0FEC7-DCD8-4CE6-83CD-11D328AFF012}.Release|x86.Build.0 = Debug|Win32
		{02EB879F-4E43-4968-A50E-2FB24FABD813}.Debug|x64.ActiveCfg = Debug|x64
		{02EB879F-4E43-4968-A50E-2FB24FABD813}.Debug|x64.Build.0 = Debug|x64
		{02EB879F-4E43-4968-A50E-2FB24FABD813}.Debug|x86.ActiveCfg = Debug|Win32
		{02EB879F-4E43-4968-A50E-2FB24FABD813}.Debug|x86.Build.0 = Debug|Win32
		{02EB879F-4E43-4968-A50E-2FB24FABD813}.Release|x64.ActiveCfg = Release|x64
		{02EB879F-4E43-4968-A50E-2FB24FABD813}.Release|x64.Build.0 = Release|x64
		{02EB879F-4E43-4968-A50E-2FB24FABD813}.Release|x86.ActiveCfg = Debug|Win32
		{02EB879F-4E43-4968-A50E-2FB24FABD813}.Release|x86.Build.0 = Debug|Win32
		{EB42DAC2-E623-4D4F-BB5F-BA892002BC10}.Debug|x64.ActiveCfg = Debug|x64
		{EB42DAC2-E623-4D4F-BB5F-BA892002BC10}.Debug|x64.Build.0 = Debug|x64
		{EB42DAC2-E623-4D4F-BB5F-BA892002BC10}.Debug|x86.ActiveCfg = Debug|Win32
		{EB42DAC2-E623-4D4F-BB5F-BA892002BC10}.Debug|x86.Build.0 = Debug|Win32
		{EB42DAC2-E623-4D4F-BB5F-BA892002BC10}.Release|x64.ActiveCfg = Release|x64
		{EB42DAC2-E623-4D4F-BB5F-BA892002BC10}.Release|x64.Build.0 = Release|x64
		{EB42DAC2-E623-4D4F-BB5F-BA892002BC10}.Release|x86.ActiveCfg = Debug|Win32
		{EB42DAC2-E623-4D4F-BB5F-BA892002BC10}.Release|x86.Build.0 = Debug|Win32
		{622181C5-5D26-4C25-A938-E489305648FC}.Debug|x64.ActiveCfg = Debug|x64
		{622181C5-5D26-4C25-A938-E489305648FC}.Debug|x64.Build.0 = Debug|x64
		{622181C5-5D26-4C25-A938-E489305648FC}.Debug|x86.ActiveCfg = Debug|Win32
		{622181C5-5D26-4C25-A938-E489305648FC}.Debug|x86.Build.0 = Debug|Win32
		{622181C5-5D26-4C25-A938-E489305648FC}.Release|x64.ActiveCfg = Release|x64
		{622181C5-5D26-4C25-A938-E489305648FC}.Release|x64.Build.0 = Release|x64
		{622181C5-5D26-4C25-A938-E489305648FC}.Release|x86.ActiveCfg = Debug|Win32
		{622181C5-5D26-4C25-A938-E489305648FC}.Release|x86.Build.0 = Debug|Win32
		{4596724E-4B87-4185-A505-0093F3D185A5}.Debug|x64.ActiveCfg = Debug|x64
		{4596724E-4B87-4185-A505-0093F3D185A5}.Debug|x64.Build.0 = Debug|x64
		{4596724E-4B87-4185-A505-0093F3D185A5}.Debug|x86.ActiveCfg = Debug|Win32
		{4596724E-4B87-4185-A505-0093F3D185A5}.Debug|x86.Build.0 = Debug|Win32
		{4596724E-4B87-4185-A505-0093F3D185A5}.Release|x64.ActiveCfg = Release|x64
		{4596724E-4B87-4185-A505-0093F3D185A5}.Release|x64.Build.0 = Release|x64
		{4596724E-4B87-4185-A505-0093F3D185A5}.Release|x86.ActiveCfg = Debug|Win32
		{4596724E-4B87-4185-A505-0093F3D185A5}.Release|x86.Build.0 = Debug|Win32
		{A005B6ED-9220-4976-B684-1EB4CF216030}.Debug|x64.ActiveCfg = Debug|x64
		{A005B6ED-9220-4976-B684-1EB4CF216030}.Debug|x64.Build.0 = Debug|x64
		{A005B6ED-9220-4976-B684-1EB4CF216030}.Debug|x86.ActiveCfg = Debug|Win32
		{A005B6ED-9220-4976-B684-1EB4CF216030}.Debug|x86.Build.0 = Debug|Win32
		{A005B6ED-9220-4976-B684-1EB4CF216030}.Release|x64.ActiveCfg = Release|x64
		{A005B6ED-9220-4976-B684-1EB4CF216030}.Release|x64.Build.0 = Release|x64
		{A005B6ED-9220-4976-B684-1EB4CF216030}.Release|x86.ActiveCfg = Debug|Win32
		{A005B6ED-9220-4976-B684-1EB4CF216030}.Release|x86.Build.0 = Debug|Win32
		{18DC5D0D-1389-443D-8598-8C0FE5D3FFBE}.Debug|x64.ActiveCfg = Debug|x64
		{18DC5D0D-1389-443D-8598-8C0FE5D3FFBE}.Debug|x64.Build.0 = Debug|x64
		{18DC5D0D-1389-443D-8598-8C0FE5D3FFBE}.Debug|x86.ActiveCfg = Debug|Win32
		{18DC5D0D-1389-443D-8598-8C0FE5D3FFBE}.Debug|x86.Build.0 = Debug|Win32
		{18DC5D0D-1389-443D-8598-8C0FE5D3FFBE}.Release|x64.ActiveCfg = Release|x64
		{18DC5D0D-1389-443D-8598-8C0FE5D3FFBE}.Release|x64.Build.0 = Release|x64
		{18DC5D0D-1389-443D-8598-8C0FE5D3FFBE}.Release|x86.ActiveCfg = Debug|Win32
		{18DC5D0D-1389-443D-8598-8C0FE5D3FFBE}.Release|x86.Build.0 = Debug|Win32
		{368A6213-8F40-4CB2-A248-EEC482224224}.Debug|x64.ActiveCfg = Debug|x64
		{368A6213-8F40-4CB2-A248-EEC482224224}.Debug|x64.Build.0 = Debug|x64
		{368A6213-8F40-4CB2-A248-EEC482224224}.Debug|x86.ActiveCfg = Debug|Win32
		{368A6213-8F40-4CB2-A248-EEC482224224}.Debug|x86.Build.0 = Debug|Win32
		{368A6213-8F40-4CB2-A248-EEC482224224}.Release|x64.ActiveCfg = Release|x64
		{368A6213-8F40-4CB2-A248-EEC482224224}.Release|x64.Build.0 = Release|x64
		{368A6213-8F40-4CB2-A248-EEC482224224}.Release|x86.ActiveCfg = Debug|Win32
		{368A6213-8F40-4CB2-A248-EEC482224224}.Release|x86.Build.0 = Debug|Win32
		{05BF8B51-4B3C-4248-8556-8B44FE58D711}.Debug|x64.ActiveCfg = Debug|x64
		{05BF8B51-4B3C-4248-8556-8B44FE58D711}.Debug|x64.Build.0 = Debug|x64
		{05BF8B51-4B3C-4248-8556-8B44FE58D711}.Debug|x86.ActiveCfg = Debug|Win32
		{05BF8B51-4B3C-4248-8556-8B44FE58D711}.Debug|x86.Build.0 = Debug|Win32
		{05BF8B51-4B3C-4248-8556-8B44FE58D711}.Release|x64.ActiveCfg = Release|x64
		{05BF8B51-4B3C-4248-8556-8B44FE58D711}.Release|x64.Build.0 = Release|x64
		{05BF8B51-4B3C-4248-8556-8B44FE58D711}.Release|x86.ActiveCfg = Debug|Win32
		{05BF8B51-4B3C-4248-8556-8B44FE58D711}.Release|x86.Build.0 = Debug|Win32
		{3BC717E2-89F4-4ACC-A460-55F2A79B9590}.Debug|x64.ActiveCfg = Debug|x64
		{3BC717E2-89F4-4ACC-A460-55F2A79B9590}.Debug|x64.Build.0 = Debug|x64
		{3BC717E2-89F4-4ACC-A460-55F2A79B9590}.Debug|x86.ActiveCfg = Debug|Win32
		{3BC717E2-89F4-4ACC-A460-55F2A79B9590}.Debug|x86.Build.0 = Debug|Win32
		{3BC717E2-89F4-4ACC-A460-55F2A79B9590}.Release|x64.ActiveCfg = Release|x64
		{3BC717E2-89F4-4ACC-A460-55F2A79B9590}.Release|x64.Build.0 = Release|x64
		{3BC717E2-89F4-4ACC-A460-55F2A79B9590}.Release|x86.ActiveCfg = Debug|Win32
		{3BC717E2-89F4-4ACC-A460-55F2A79B9590}.Release|x86.Build.0 = Debug|Win32
		{C76B7722-3ABB-4CEE-A10C-FAAE510F9424}.Debug|x64.ActiveCfg = Debug|x64
		{C76B7722-3ABB-4CEE-A10C-FAAE510F9424}.Debug|x64.Build.0 = Debug|x64
		{C76B7722-3ABB-4CEE-A10C-FAAE510F9424}.Debug|x86.ActiveCfg = Debug|Win32
		{C76B7722-3ABB-4CEE-A10C-FAAE510F9424}.Debug|x86.Build.0 = Debug|Win32
		{C76B7722-3ABB-4CEE-A10C-FAAE510F9424}.Release|x64.ActiveCfg = Release|x64
		{C76B7722-3ABB-4CEE-A10C-FAAE510F9424}.Release|x64.Build.0 = Release|x64
		{C76B7722-3ABB-4CEE-A10C-FAAE510F9424}.Release|x86.ActiveCfg = Debug|Win32
		{C76B7722-3ABB-4CEE-A10C-FAAE510F9424}.Release|x86.Build.0 = Debug|Win32
		{F1AC46E3-D293-416E-B2E5-1457560FF488}.Debug|x64.ActiveCfg = Debug|x64
		{F1AC46E3-D293-416E-B2E5-1457560FF488}.Debug|x64.Build.0 = Debug|x64
		{F1AC46E3-D293-416E-B2E5-1457560FF488}.Debug|x86.ActiveCfg = Debug|Win32
		{F1AC46E3-D293-416E-B2E5-1457560FF488}.Debug|x86.Build.0 = Debug|Win32
		{F1AC46E3-D293-416E-B2E5-1457560FF488}.Release|x64.ActiveCfg = Release|x64
		{F1AC46E3-D293-416E-B2E5-1457560FF488}.Release|x64.Build.0 = Release|x64
		{F1AC46E3-D293-416E-B2E5-1457560FF488}.Release|x86.ActiveCfg = Debug|Win32
		{F1AC46E3-D293-416E-B2E5-1457560FF488}.Release|x86.Build.0 = Debug|Win32
		{B5953846-92CE-4196-89AD-476D87E48FE9}.Debug|x64.ActiveCfg = Debug|x64
		{B5953846-92CE-4196-89AD-476D87E48FE9}.Debug|x64.Build.0 = Debug|x64
		{B5953846-92CE-4196-89AD-476D87E48FE9}.Debug|x86.ActiveCfg = Debug|Win32
		{B5953846-92CE-4196-89AD-476D87E48FE9}.Debug|x86.Build.0 = Debug|Win32
		{B5953846-92CE-4196-89AD-476D87E48FE9}.Release|x64.ActiveCfg = Release|x64
		{B5953846-92CE-4196-89AD-476D87E48FE9}.Release|x64.Build.0 = Release|x64
		{B5953846-92CE-4196-89AD-476D87E48FE9}.Release|x86.ActiveCfg = Debug|Win32
		{B5953846-92CE-4196-89AD-476D87E48FE9}.Release|x86.Build.0 = Debug|Win32
		{5F442204-7B05-4342-9719-D17C1019A03B}.Debug|x64.ActiveCfg = Debug|x64
		{5F442204-7B05-4342-9719-D17C1019A03B}.Debug|x64.Build.0 = Debug|x64
		{5F442204-7B05-4342-9719-D17C1019A03B}.Debug|x86.ActiveCfg = Debug|Win32
		{5F442204-7B05-4342-9719-D17C1019A03B}.Debug|x86.Build.0 = Debug|Win32
		{5F442204-7B05-4342-9719-D17C1019A03B}.Release|x64.ActiveCfg = Release|x64
		{5F442204-7B05-4342-9719-D17C1019A03B}.Release|x64.Build.0 = Release|x64
		{5F442204-7B05-4342-9719-D17C1019A03B}.Release|x86.ActiveCfg = Debug|Win32
		{5F442204-7B05-4342-9719-D17C1019A03B}.Release|x86.Build.0 = Debug|Win32
		{74BE922E-0A0A-4AA3-AED8-2E8304576E38}.Debug|x64.ActiveCfg = Debug|x64
		{74BE922E-0A0A-4AA3-AED8-2E8304576E38}.Debug|x64.Build.0 = Debug|x64
		{74BE922E-0A0A-4AA3-AED8-2E8304576E38}.Debug|x86.ActiveCfg = Debug|Win32
		{74BE922E-0A0A-4AA3-AED8-2E8304576E38}.Debug|x86.Build.0 = Debug|Win32
		{74BE922E-0A0A-4AA3-AED8-2E8304576E38}.Release|x64.ActiveCfg = Release|x64
		{74BE922E-0A0A-4AA3-AED8-2E8304576E38}.Release|x64.Build.0 = Release|x64
		{74BE922E-0A0A-4AA3-AED8-2E8304576E38}.Release|x86.ActiveCfg = Debug|Win32
		{74BE922E-0A0A-4AA3-AED8-2E8304576E38}.Release|x86.Build.0 = Debug|Win32
		{1DFD722C-0ECB-4BDB-A40A-5C9137589D1C}.Debug|x64.ActiveCfg = Debug|x64
		{1DFD722C-0ECB-4BDB-A40A-5C9137589D1C}.Debug|x64.Build.0 = Debug|x64
		{1DFD722C-0ECB-4BDB-A40A-5C9137589D1C}.Debug|x86.ActiveCfg = Debug|Win32
		{1DFD722C-0ECB-4BDB-A40A-5C9137589D1C}.Debug|x86.Build.0 = Debug|Win32
		{1DFD722C-0ECB-4BDB-A40A-5C9137589D1C}.Release|x64.ActiveCfg = Release|x64
		{1DFD722C-0ECB-4BDB-A40A-5C9137589D1C}.Release|x64.Build.0 = Release|x64
		{1DFD722C-0ECB-4BDB-A40A-5C9137589D1C}.Release|x86.ActiveCfg = Debug|Win32
		{1DFD722C-0ECB-4BDB-A40A-5C9137589D1C}.Release|x86.Build.0 = Debug|Win32
		{C467F7DA-CE84-4064-9CDB-E30C5B47E493}.Debug|x64.ActiveCfg = Debug|x64
		{C467F7DA-CE84-4064-9CDB-E30C5B47E493}.Debug|x64.Build.0 = Debug|x64
		{C467F7DA-CE84-4064-9CDB-E30C5B47E493}.Debug|x86.ActiveCfg = Debug|Win32
		{C467F7DA-CE84-4064-9CDB-E30C5B47E493}.Debug|x86.Build.0 = Debug|Win32
		{C467F7DA-CE84-4064-9CDB-E30C5B47E493}.Release|x64.ActiveCfg = Release|x64
		{C467F7DA-CE84-4064-9CDB-E30C5B47E493}.Release|x64.Build.0 = Release|x64
		{C467F7DA-CE84-4064-9CDB-E30C5B47E493}.Release|x86.ActiveCfg = Debug|Win32
		{C467F7DA-CE84-4064-9CDB-E30C5B47E493}.Release|x86.Build.0 = Debug|Win32
		{35961795-38DE-4F9F-BFB4-A83663BDEDAE}.Debug|x64.ActiveCfg = Debug|x64
		{35961795-38DE-4F9F-BFB4-A83663BDEDAE}.Debug|x64.Build.0 = Debug|x64
		{35961795-38DE-4F9F-BFB4-A83663BDEDAE}.Debug|x86.ActiveCfg = Debug|Win32
		{35961795-38DE-4F9F-BFB4-A83663BDEDAE}.Debug|x86.Build.0 = Debug|Win32
		{35961795-38DE-4F9F-BFB4-A83663BDEDAE}.Release|x64.ActiveCfg = Release|x64
		{35961795-38DE-4F9F-BFB4-A83663BDEDAE}.Release|x64.Build.0 = Release|x64
		{35961795-38DE-4F9F-BFB4-A83663BDEDAE}.Release|x86.ActiveCfg = Debug|Win32
		{35961795-38DE-4F9F-BFB4-A83663BDEDAE}.Release|x86.Build.0 = Debug|Win32
		{946E6003-F222-44C7-BCB8-7D25D589E87C}.Debug|x64.ActiveCfg = Debug|x64
		{946E6003-F222-44C7-BCB8-7D25D589E87C}.Debug|x64.Build.0 = Debug|x64
		{946E6003-F222-44C7-BCB8-7D25D589E87C}.Debug|x86.ActiveCfg = Debug|Win32
		{946E6003-F222-44C7-BCB8-7D25D589E87C}.Debug|x86.Build.0 = Debug|Win32
		{946E6003-F222-44C7-BCB8-7D25D589E87C}.Release|x64.ActiveCfg = Release|x64
		{946E6003-F222-44C7-BCB8-7D25D589E87C}.Release|x64.Build.0 = Release|x64
		{946E6003-F222-44C7-BCB8-7D25D589E87C}.Release|x86.ActiveCfg = Debug|Win32
		{946E6003-F222-44C7-BCB8-7D25D589E87C}.Release|x86.Build.0 = Debug|Win32
		{31133D91-D998-44DC-8471-6DF3EA7BCC88}.Debug|x64.ActiveCfg = Debug|x64
		{31133D91-D998-44DC-8471-6DF3EA7BCC88}.Debug|x64.Build.0 = Debug|x64
		{31133D91-D998-44DC-8471-6DF3EA7BCC88}.Debug|x86.ActiveCfg = Debug|Win32
		{31133D91-D998-44DC-8471-6DF3EA7BCC88}.Debug|x86.Build.0 = Debug|Win32
		{31133D91-D998-44DC-8471-6DF3EA7BCC88}.Release|x64.ActiveCfg = Release|x64
		{31133D91-D998-44DC-8471-6DF3EA7BCC88}.Release|x64.Build.0 = Release|x64
		{31133D91-D998-44DC-8471-6DF3EA7BCC88}.Release|x86.ActiveCfg = Debug|Win32
		{31133D91-D998-44DC-8471-6DF3EA7BCC88}.Release|x86.Build.0 = Debug|Win32
		{FB29E758-7081-422A-9730-0E642AB7C3E8}.Debug|x64.ActiveCfg = Debug|x64
		{FB29E758-7081-422A-9730-0E642AB7C3E8}.Debug|x64.Build.0 = Debug|x64
		{FB29E758-7081-422A-9730-0E642AB7C3E8}.Debug|x86.ActiveCfg = Debug|Win32
		{FB29E758-7081-422A-9730-0E642AB7C3E8}.Debug|x86.Build.0 = Debug|Win32
		{FB29E758-7081-422A-9730-0E642AB7C3E8}.Release|x64.ActiveCfg = Release|x64
		{FB29E758-7081-422A-9730-0E642AB7C3E8}.Release|x64.Build.0 = Release|x64
		{FB29E758-7081-422A-9730-0E642AB7C3E8}.Release|x86.ActiveCfg = Release|Win32
		{FB29E758-7081-422A-9730-0E642AB7C3E8}.Release|x86.Build.0 = Release|Win32
		{4F468BE0-0BBF-45B9-B2CA-AD65B59DC78E}.Debug|x64.ActiveCfg = Debug|x64
		{4F468BE0-0BBF-45B9-B2CA-AD65B59DC78E}.Debug|x64.Build.0 = Debug|x64
		{4F468BE0-0BBF-45B9-B2CA-AD65B59DC78E}.Debug|x86.ActiveCfg = Debug|Win32
		{4F468BE0-0BBF-45B9-B2CA-AD65B59DC78E}.Debug|x86.Build.0 = Debug|Win32
		{4F468BE0-0BBF-45B9-B2CA-AD65B59DC78E}.Release|x64.ActiveCfg = Release|x64
		{4F468BE0-0BBF-45B9-B2CA-AD65B59DC78E}.Release|x64.Build.0 = Release|x64
		{4F468BE0-0BBF-45B9-B2CA-AD65B59DC78E}.Release|x86.ActiveCfg = Release|Win32
		{4F468BE0-0BBF-45B9-B2CA-AD65B59DC78E}.Release|x86.Build.0 = Release|Win32
		{96D621FD-E767-4280-A48A-675E396B6AA0}.Debug|x64.ActiveCfg = Debug|x64
		{96D621FD-E767-4280-A48A-675E396B6AA0}.Debug|x64.Build.0 = Debug|x64
		{96D621FD-E767-4280-A48A-675E396B6AA0}.Debug|x86.ActiveCfg = Debug|Win32
		{96D621FD-E767-4280-A48A-675E396B6AA0}.Debug|x86.Build.0 = Debug|Win32
		{96D621FD-E767-4280-A48A-675E396B6AA0}.Release|x64.ActiveCfg = Release|x64
		{96D621FD-E767-4280-A48A-675E396B6AA0}.Release|x64.Build.0 = Release|x64
		{96D621FD-E767-4280-A48A-675E396B6AA0}.Release|x86.ActiveCfg = Release|Win32
		{96D621FD-E767-4280-A48A-675E396B6AA0}.Release|x86.Build.0 = Release|Win32
		{9F760A3C-F106-4134-BBD3-0E155772C656}.Debug|x64.ActiveCfg = Debug|x64
		{9F760A3C-F106-4134-BBD3-0E155772C656}.Debug|x64.Build.0 = Debug|x64
		{9F760A3C-F106-4134-BBD3-0E155772C656}.Debug|x86.ActiveCfg = Debug|Win32
		{9F760A3C-F106-4134-BBD3-0E155772C656}.Debug|x86.Build.0 = Debug|Win32
		{9F760A3C-F106-4134-BBD3-0E155772C656}.Release|x64.ActiveCfg = Release|x64
		{9F760A3C-F106-4134-BBD3-0E155772C656}.Release|x64.Build.0 = Release|x64
		{9F760A3C-F106-4134-BBD3-0E155772C656}.Release|x86.ActiveCfg = Release|Win32
		{9F760A3C-F106-4134-BBD3-0E155772C656}.Release|x86.Build.0 = Release|Win32
		{7FA4AAAA-6C34-4CEB-A8E1-C4F8E286884C}.Debug|x64.ActiveCfg = Debug|x64
		{7FA4AAAA-6C34-4CEB-A8E1-C4F8E286884C}.Debug|x64.Build.0 = Debug|x64
		{7FA4AAAA-6C34-4CEB-A8E1-C4F8E286884C}.Debug|x86.ActiveCfg = Debug|Win32
		{7FA4AAAA-6C34-4CEB-A8E1-C4F8E286884C}.Debug|x86.Build.0 = Debug|Win32
		{7FA4AAAA-6C34-4CEB-A8E1-C4F8E286884C}.Release|x64.ActiveCfg = Release|x64
		{7FA4AAAA-6C34-4CEB-A8E1-C4F8E286884C}.Release|x64.Build.0 = Release|x64
		{7FA4AAAA-6C34-4CEB-A8E1-C4F8E286884C}.Release|x86.ActiveCfg = Release|Win32
		{7FA4AAAA-6C34-4CEB-A8E1-C4F8E286884C}.Release|x86.Build.0 = Release|Win32
		{C1A17ABD-4E9E-4CB6-97BF-E4F027602D29}.Debug|x64.ActiveCfg = Debug|x64
		{C1A17ABD-4E9E-4CB6-97BF-E4F027602D29}.Debug|x64.Build.0 = Debug|x64
		{C1A17ABD-4E9E-4CB6-97BF-E4F027602D29}.Debug|x86.ActiveCfg = Debug|Win32
		{C1A17ABD-4E9E-4CB6-97BF-E4F027602D29}.Debug|x86.Build.0 = Debug|Win32
		{C1A17ABD-4E9E-4CB6-97BF-E4F027602D29}.Release|x64.ActiveCfg = Release|x64
		{C1A17ABD-4E9E-4CB6-97BF-E4F027602D29}.Release|x64.Build.0 = Release|x64
		{C1A17ABD-4E9E-4CB6-97BF-E4F027602D29}.Release|x86.ActiveCfg = Release|Win32
		{C1A17ABD-4E9E-4CB6-97BF-E4F027602D29}.Release|x86.Build.0 = Release|Win32
		{0BC80873-DE08-4DB5-994C-B65C9517D42B}.Debug|x64.ActiveCfg = Debug|x64
		{0BC80873-DE08-4DB5-994C-B65C9517D42B}.Debug|x64.Build.0 = Debug|x64
		{0BC80873-DE08-4DB5-994C-B65C9517D42B}.Debug|x86.ActiveCfg = Debug|Win32
		{0BC80873-DE08-4DB5-994C-B65C9517D42B}.Debug|x86.Build.0 = Debug|Win32
		{0BC80873-DE08-4DB5-994C-B65C9517D42B}.Release|x64.ActiveCfg = Release|x64
		{0BC80873-DE08-4DB5-994C-B65C9517D42B}.Release|x64.Build.0 = Release|x64
		{0BC80873-DE08-4DB5-994C-B65C9517D42B}.Release|x86.ActiveCfg = Release|Win32
		{0BC80873-DE08-4DB5-994C-B65C9517D42B}.Release|x86.Build.0 = Release|Win32
	EndGlobalSection
	GlobalSection(SolutionProperties) = preSolution
		HideSolutionNode = FALSE
	EndGlobalSection
	GlobalSection(ExtensibilityGlobals) = postSolution
		SolutionGuid = {86FDB135-7DFF-40DF-8E36-F2D7018DE5A1}
	EndGlobalSection
EndGlobal
